
Microsoft Visual Studio Solution File, Format Version 12.00
# Visual Studio Version 17
VisualStudioVersion = 17.8.34525.116
MinimumVisualStudioVersion = 10.0.40219.1
Project("{2150E333-8FDC-42A3-9474-1A3956D46DE8}") = "Task1-MaskeTakip", "Task1-MaskeTakip", "{E3F29E42-97AA-434E-8003-C4D20D67F90A}"
EndProject
Project("{9A19103F-16F7-4668-BE54-9A1E7A4F7556}") = "Workaround", "Task1-MaskeTakip\Workaround\Workaround.csproj", "{3EC8107D-C205-44C7-B9E2-A64F0F90218C}"
EndProject
Project("{9A19103F-16F7-4668-BE54-9A1E7A4F7556}") = "Entities", "Task1-MaskeTakip\Entities\Entities.csproj", "{BB86DC0C-E172-451B-B076-EDE3FB4758CD}"
EndProject
Project("{9A19103F-16F7-4668-BE54-9A1E7A4F7556}") = "Business", "Task1-MaskeTakip\Business\Business.csproj", "{CEDB7562-31A3-4DB3-83E9-E10092DE271C}"
EndProject
Project("{9A19103F-16F7-4668-BE54-9A1E7A4F7556}") = "Adapters", "Task1-MaskeTakip\Adapters\Adapters.csproj", "{D853DE6F-3F18-49FC-A8BC-3EC1FD4B9E86}"
EndProject
Project("{FAE04EC0-301F-11D3-BF4B-00C04F79EFBC}") = "TypesAndVariables", "Task2\Task2.1-CSharpDersleri\TypesAndVariables\TypesAndVariables.csproj", "{9F5C6861-BD2F-4A58-97D5-7EF278817F13}"
EndProject
Project("{2150E333-8FDC-42A3-9474-1A3956D46DE8}") = "Task2", "Task2", "{8B5F00D9-3385-4D5E-A3A6-604BD0953084}"
EndProject
Project("{2150E333-8FDC-42A3-9474-1A3956D46DE8}") = "Task2.1-CSharpDersleri", "Task2.1-CSharpDersleri", "{82AEF211-90BD-4E84-B895-38E42F61F034}"
EndProject
Project("{FAE04EC0-301F-11D3-BF4B-00C04F79EFBC}") = "Conditionals", "Task2\Task2.1-CSharpDersleri\Conditionals\Conditionals.csproj", "{E09BCD5E-5469-4BF7-B5B4-CF31E36627FC}"
EndProject
Project("{FAE04EC0-301F-11D3-BF4B-00C04F79EFBC}") = "Methods", "Task2\Task2.1-CSharpDersleri\Methods\Methods.csproj", "{74CEBF3C-6090-4964-B46B-688DCF675577}"
EndProject
Project("{FAE04EC0-301F-11D3-BF4B-00C04F79EFBC}") = "Arrays", "Task2\Task2.1-CSharpDersleri\Arrays\Arrays.csproj", "{24F4D14B-E2AC-4A21-B0E6-843501FAC0F8}"
EndProject
Project("{FAE04EC0-301F-11D3-BF4B-00C04F79EFBC}") = "Loops", "Task2\Task2.1-CSharpDersleri\Loops\Loops.csproj", "{5BA5ABAB-6E77-4A70-B7E8-9519F04704BD}"
EndProject
Project("{FAE04EC0-301F-11D3-BF4B-00C04F79EFBC}") = "Strings", "Task2\Task2.1-CSharpDersleri\Strings\Strings.csproj", "{DD091AC4-606D-4296-8F08-993785025B82}"
EndProject
Project("{FAE04EC0-301F-11D3-BF4B-00C04F79EFBC}") = "Classes", "Task2\Task2.1-CSharpDersleri\Classes\Classes.csproj", "{8B022900-CD55-4E33-AD68-52DC2B8CCB10}"
EndProject
Project("{FAE04EC0-301F-11D3-BF4B-00C04F79EFBC}") = "RecapDemo1", "Task2\Task2.1-CSharpDersleri\RecapDemo1\RecapDemo1.csproj", "{D5AC39B6-7D4C-4FDE-8CE4-1950D848BDEB}"
EndProject
Project("{FAE04EC0-301F-11D3-BF4B-00C04F79EFBC}") = "Interfaces", "Task2\Task2.1-CSharpDersleri\Interfaces\Interfaces.csproj", "{1C15D35E-380F-43B1-8D38-DAFC57870B6F}"
EndProject
Project("{FAE04EC0-301F-11D3-BF4B-00C04F79EFBC}") = "InterfacesDemo", "Task2\Task2.1-CSharpDersleri\InterfacesDemo\InterfacesDemo.csproj", "{8B150257-33DC-49E3-9624-E7489A4DEBF2}"
EndProject
Project("{FAE04EC0-301F-11D3-BF4B-00C04F79EFBC}") = "Inheritance", "Task2\Task2.1-CSharpDersleri\Inheritance\Inheritance.csproj", "{0F7162F0-7E1F-4E42-BFC1-40CC4E777A7E}"
EndProject
Project("{2150E333-8FDC-42A3-9474-1A3956D46DE8}") = "Task2.2-CSharpIyiProgramciSerisi", "Task2.2-CSharpIyiProgramciSerisi", "{D1F2D090-307A-4057-A0B7-7EDFE2AF0A78}"
EndProject
Project("{9A19103F-16F7-4668-BE54-9A1E7A4F7556}") = "ReferenceTypes", "Task2\Task2.2-CSharpIyiProgramciSerisi\ReferenceTypes\ReferenceTypes.csproj", "{4E885784-D343-4D7D-8724-F4ADA9282D9E}"
EndProject
Project("{9A19103F-16F7-4668-BE54-9A1E7A4F7556}") = "Constructors", "Task2\Task2.2-CSharpIyiProgramciSerisi\Constructors\Constructors.csproj", "{DB01137E-00F6-4BBB-AC7A-5E60C7522B4B}"
EndProject
Project("{9A19103F-16F7-4668-BE54-9A1E7A4F7556}") = "Interfaces", "Task2\Task2.2-CSharpIyiProgramciSerisi\Interfaces\Interfaces.csproj", "{E2237CA7-C82D-4049-A1A3-0261429B8B67}"
EndProject
Project("{9A19103F-16F7-4668-BE54-9A1E7A4F7556}") = "Generics", "Task2\Task2.2-CSharpIyiProgramciSerisi\Generics\Generics.csproj", "{4503FB55-1D89-4B58-9C28-2619DA3D14F3}"
EndProject
Project("{9A19103F-16F7-4668-BE54-9A1E7A4F7556}") = "ThreadingDemo1", "Task2\Task2.2-CSharpIyiProgramciSerisi\ThreadingDemo1\ThreadingDemo1.csproj", "{0E48251A-C5E6-44D4-817A-28B490900BEB}"
EndProject
Project("{9A19103F-16F7-4668-BE54-9A1E7A4F7556}") = "LinqProject", "Task2\Task2.2-CSharpIyiProgramciSerisi\LinqProject\LinqProject.csproj", "{73381CDF-5350-486E-A50C-7180D511711F}"
EndProject
Project("{2150E333-8FDC-42A3-9474-1A3956D46DE8}") = "Task2.3-KodlamaioExample", "Task2.3-KodlamaioExample", "{8B74D8F1-80E2-428C-ADBE-D053B2D12F06}"
EndProject
Project("{FAE04EC0-301F-11D3-BF4B-00C04F79EFBC}") = "Entities", "Task2\Task2.3-KodlamaioExample\Entities\Entities.csproj", "{DF781736-339A-4F53-A1E7-A5D8AEF0EF1D}"
EndProject
Project("{FAE04EC0-301F-11D3-BF4B-00C04F79EFBC}") = "DataAccess", "Task2\Task2.3-KodlamaioExample\DataAccess\DataAccess.csproj", "{3EB492F5-D653-4AFE-BDCC-33FC03B3E02D}"
EndProject
Project("{FAE04EC0-301F-11D3-BF4B-00C04F79EFBC}") = "Business", "Task2\Task2.3-KodlamaioExample\Business\Business.csproj", "{AF49029D-7AB8-41C6-8BF8-CB971B6EB03D}"
EndProject
Project("{FAE04EC0-301F-11D3-BF4B-00C04F79EFBC}") = "WebApi", "Task2\Task2.3-KodlamaioExample\WebApi\WebApi.csproj", "{414B3088-1627-4464-BAFB-21281031A3E9}"
EndProject
Global
	GlobalSection(SolutionConfigurationPlatforms) = preSolution
		Debug|Any CPU = Debug|Any CPU
		Release|Any CPU = Release|Any CPU
	EndGlobalSection
	GlobalSection(ProjectConfigurationPlatforms) = postSolution
		{3EC8107D-C205-44C7-B9E2-A64F0F90218C}.Debug|Any CPU.ActiveCfg = Debug|Any CPU
		{3EC8107D-C205-44C7-B9E2-A64F0F90218C}.Debug|Any CPU.Build.0 = Debug|Any CPU
		{3EC8107D-C205-44C7-B9E2-A64F0F90218C}.Release|Any CPU.ActiveCfg = Release|Any CPU
		{3EC8107D-C205-44C7-B9E2-A64F0F90218C}.Release|Any CPU.Build.0 = Release|Any CPU
		{BB86DC0C-E172-451B-B076-EDE3FB4758CD}.Debug|Any CPU.ActiveCfg = Debug|Any CPU
		{BB86DC0C-E172-451B-B076-EDE3FB4758CD}.Debug|Any CPU.Build.0 = Debug|Any CPU
		{BB86DC0C-E172-451B-B076-EDE3FB4758CD}.Release|Any CPU.ActiveCfg = Release|Any CPU
		{BB86DC0C-E172-451B-B076-EDE3FB4758CD}.Release|Any CPU.Build.0 = Release|Any CPU
		{CEDB7562-31A3-4DB3-83E9-E10092DE271C}.Debug|Any CPU.ActiveCfg = Debug|Any CPU
		{CEDB7562-31A3-4DB3-83E9-E10092DE271C}.Debug|Any CPU.Build.0 = Debug|Any CPU
		{CEDB7562-31A3-4DB3-83E9-E10092DE271C}.Release|Any CPU.ActiveCfg = Release|Any CPU
		{CEDB7562-31A3-4DB3-83E9-E10092DE271C}.Release|Any CPU.Build.0 = Release|Any CPU
		{D853DE6F-3F18-49FC-A8BC-3EC1FD4B9E86}.Debug|Any CPU.ActiveCfg = Debug|Any CPU
		{D853DE6F-3F18-49FC-A8BC-3EC1FD4B9E86}.Debug|Any CPU.Build.0 = Debug|Any CPU
		{D853DE6F-3F18-49FC-A8BC-3EC1FD4B9E86}.Release|Any CPU.ActiveCfg = Release|Any CPU
		{D853DE6F-3F18-49FC-A8BC-3EC1FD4B9E86}.Release|Any CPU.Build.0 = Release|Any CPU
		{9F5C6861-BD2F-4A58-97D5-7EF278817F13}.Debug|Any CPU.ActiveCfg = Debug|Any CPU
		{9F5C6861-BD2F-4A58-97D5-7EF278817F13}.Debug|Any CPU.Build.0 = Debug|Any CPU
		{9F5C6861-BD2F-4A58-97D5-7EF278817F13}.Release|Any CPU.ActiveCfg = Release|Any CPU
		{9F5C6861-BD2F-4A58-97D5-7EF278817F13}.Release|Any CPU.Build.0 = Release|Any CPU
		{E09BCD5E-5469-4BF7-B5B4-CF31E36627FC}.Debug|Any CPU.ActiveCfg = Debug|Any CPU
		{E09BCD5E-5469-4BF7-B5B4-CF31E36627FC}.Debug|Any CPU.Build.0 = Debug|Any CPU
		{E09BCD5E-5469-4BF7-B5B4-CF31E36627FC}.Release|Any CPU.ActiveCfg = Release|Any CPU
		{E09BCD5E-5469-4BF7-B5B4-CF31E36627FC}.Release|Any CPU.Build.0 = Release|Any CPU
		{74CEBF3C-6090-4964-B46B-688DCF675577}.Debug|Any CPU.ActiveCfg = Debug|Any CPU
		{74CEBF3C-6090-4964-B46B-688DCF675577}.Debug|Any CPU.Build.0 = Debug|Any CPU
		{74CEBF3C-6090-4964-B46B-688DCF675577}.Release|Any CPU.ActiveCfg = Release|Any CPU
		{74CEBF3C-6090-4964-B46B-688DCF675577}.Release|Any CPU.Build.0 = Release|Any CPU
		{24F4D14B-E2AC-4A21-B0E6-843501FAC0F8}.Debug|Any CPU.ActiveCfg = Debug|Any CPU
		{24F4D14B-E2AC-4A21-B0E6-843501FAC0F8}.Debug|Any CPU.Build.0 = Debug|Any CPU
		{24F4D14B-E2AC-4A21-B0E6-843501FAC0F8}.Release|Any CPU.ActiveCfg = Release|Any CPU
		{24F4D14B-E2AC-4A21-B0E6-843501FAC0F8}.Release|Any CPU.Build.0 = Release|Any CPU
		{5BA5ABAB-6E77-4A70-B7E8-9519F04704BD}.Debug|Any CPU.ActiveCfg = Debug|Any CPU
		{5BA5ABAB-6E77-4A70-B7E8-9519F04704BD}.Debug|Any CPU.Build.0 = Debug|Any CPU
		{5BA5ABAB-6E77-4A70-B7E8-9519F04704BD}.Release|Any CPU.ActiveCfg = Release|Any CPU
		{5BA5ABAB-6E77-4A70-B7E8-9519F04704BD}.Release|Any CPU.Build.0 = Release|Any CPU
		{DD091AC4-606D-4296-8F08-993785025B82}.Debug|Any CPU.ActiveCfg = Debug|Any CPU
		{DD091AC4-606D-4296-8F08-993785025B82}.Debug|Any CPU.Build.0 = Debug|Any CPU
		{DD091AC4-606D-4296-8F08-993785025B82}.Release|Any CPU.ActiveCfg = Release|Any CPU
		{DD091AC4-606D-4296-8F08-993785025B82}.Release|Any CPU.Build.0 = Release|Any CPU
		{8B022900-CD55-4E33-AD68-52DC2B8CCB10}.Debug|Any CPU.ActiveCfg = Debug|Any CPU
		{8B022900-CD55-4E33-AD68-52DC2B8CCB10}.Debug|Any CPU.Build.0 = Debug|Any CPU
		{8B022900-CD55-4E33-AD68-52DC2B8CCB10}.Release|Any CPU.ActiveCfg = Release|Any CPU
		{8B022900-CD55-4E33-AD68-52DC2B8CCB10}.Release|Any CPU.Build.0 = Release|Any CPU
		{D5AC39B6-7D4C-4FDE-8CE4-1950D848BDEB}.Debug|Any CPU.ActiveCfg = Debug|Any CPU
		{D5AC39B6-7D4C-4FDE-8CE4-1950D848BDEB}.Debug|Any CPU.Build.0 = Debug|Any CPU
		{D5AC39B6-7D4C-4FDE-8CE4-1950D848BDEB}.Release|Any CPU.ActiveCfg = Release|Any CPU
		{D5AC39B6-7D4C-4FDE-8CE4-1950D848BDEB}.Release|Any CPU.Build.0 = Release|Any CPU
		{1C15D35E-380F-43B1-8D38-DAFC57870B6F}.Debug|Any CPU.ActiveCfg = Debug|Any CPU
		{1C15D35E-380F-43B1-8D38-DAFC57870B6F}.Debug|Any CPU.Build.0 = Debug|Any CPU
		{1C15D35E-380F-43B1-8D38-DAFC57870B6F}.Release|Any CPU.ActiveCfg = Release|Any CPU
		{1C15D35E-380F-43B1-8D38-DAFC57870B6F}.Release|Any CPU.Build.0 = Release|Any CPU
		{8B150257-33DC-49E3-9624-E7489A4DEBF2}.Debug|Any CPU.ActiveCfg = Debug|Any CPU
		{8B150257-33DC-49E3-9624-E7489A4DEBF2}.Debug|Any CPU.Build.0 = Debug|Any CPU
		{8B150257-33DC-49E3-9624-E7489A4DEBF2}.Release|Any CPU.ActiveCfg = Release|Any CPU
		{8B150257-33DC-49E3-9624-E7489A4DEBF2}.Release|Any CPU.Build.0 = Release|Any CPU
		{0F7162F0-7E1F-4E42-BFC1-40CC4E777A7E}.Debug|Any CPU.ActiveCfg = Debug|Any CPU
		{0F7162F0-7E1F-4E42-BFC1-40CC4E777A7E}.Debug|Any CPU.Build.0 = Debug|Any CPU
		{0F7162F0-7E1F-4E42-BFC1-40CC4E777A7E}.Release|Any CPU.ActiveCfg = Release|Any CPU
		{0F7162F0-7E1F-4E42-BFC1-40CC4E777A7E}.Release|Any CPU.Build.0 = Release|Any CPU
		{4E885784-D343-4D7D-8724-F4ADA9282D9E}.Debug|Any CPU.ActiveCfg = Debug|Any CPU
		{4E885784-D343-4D7D-8724-F4ADA9282D9E}.Debug|Any CPU.Build.0 = Debug|Any CPU
		{4E885784-D343-4D7D-8724-F4ADA9282D9E}.Release|Any CPU.ActiveCfg = Release|Any CPU
		{4E885784-D343-4D7D-8724-F4ADA9282D9E}.Release|Any CPU.Build.0 = Release|Any CPU
		{DB01137E-00F6-4BBB-AC7A-5E60C7522B4B}.Debug|Any CPU.ActiveCfg = Debug|Any CPU
		{DB01137E-00F6-4BBB-AC7A-5E60C7522B4B}.Debug|Any CPU.Build.0 = Debug|Any CPU
		{DB01137E-00F6-4BBB-AC7A-5E60C7522B4B}.Release|Any CPU.ActiveCfg = Release|Any CPU
		{DB01137E-00F6-4BBB-AC7A-5E60C7522B4B}.Release|Any CPU.Build.0 = Release|Any CPU
		{E2237CA7-C82D-4049-A1A3-0261429B8B67}.Debug|Any CPU.ActiveCfg = Debug|Any CPU
		{E2237CA7-C82D-4049-A1A3-0261429B8B67}.Debug|Any CPU.Build.0 = Debug|Any CPU
		{E2237CA7-C82D-4049-A1A3-0261429B8B67}.Release|Any CPU.ActiveCfg = Release|Any CPU
		{E2237CA7-C82D-4049-A1A3-0261429B8B67}.Release|Any CPU.Build.0 = Release|Any CPU
		{4503FB55-1D89-4B58-9C28-2619DA3D14F3}.Debug|Any CPU.ActiveCfg = Debug|Any CPU
		{4503FB55-1D89-4B58-9C28-2619DA3D14F3}.Debug|Any CPU.Build.0 = Debug|Any CPU
		{4503FB55-1D89-4B58-9C28-2619DA3D14F3}.Release|Any CPU.ActiveCfg = Release|Any CPU
		{4503FB55-1D89-4B58-9C28-2619DA3D14F3}.Release|Any CPU.Build.0 = Release|Any CPU
		{0E48251A-C5E6-44D4-817A-28B490900BEB}.Debug|Any CPU.ActiveCfg = Debug|Any CPU
		{0E48251A-C5E6-44D4-817A-28B490900BEB}.Debug|Any CPU.Build.0 = Debug|Any CPU
		{0E48251A-C5E6-44D4-817A-28B490900BEB}.Release|Any CPU.ActiveCfg = Release|Any CPU
		{0E48251A-C5E6-44D4-817A-28B490900BEB}.Release|Any CPU.Build.0 = Release|Any CPU
		{73381CDF-5350-486E-A50C-7180D511711F}.Debug|Any CPU.ActiveCfg = Debug|Any CPU
		{73381CDF-5350-486E-A50C-7180D511711F}.Debug|Any CPU.Build.0 = Debug|Any CPU
		{73381CDF-5350-486E-A50C-7180D511711F}.Release|Any CPU.ActiveCfg = Release|Any CPU
		{73381CDF-5350-486E-A50C-7180D511711F}.Release|Any CPU.Build.0 = Release|Any CPU
		{DF781736-339A-4F53-A1E7-A5D8AEF0EF1D}.Debug|Any CPU.ActiveCfg = Debug|Any CPU
		{DF781736-339A-4F53-A1E7-A5D8AEF0EF1D}.Debug|Any CPU.Build.0 = Debug|Any CPU
		{DF781736-339A-4F53-A1E7-A5D8AEF0EF1D}.Release|Any CPU.ActiveCfg = Release|Any CPU
		{DF781736-339A-4F53-A1E7-A5D8AEF0EF1D}.Release|Any CPU.Build.0 = Release|Any CPU
		{3EB492F5-D653-4AFE-BDCC-33FC03B3E02D}.Debug|Any CPU.ActiveCfg = Debug|Any CPU
		{3EB492F5-D653-4AFE-BDCC-33FC03B3E02D}.Debug|Any CPU.Build.0 = Debug|Any CPU
		{3EB492F5-D653-4AFE-BDCC-33FC03B3E02D}.Release|Any CPU.ActiveCfg = Release|Any CPU
		{3EB492F5-D653-4AFE-BDCC-33FC03B3E02D}.Release|Any CPU.Build.0 = Release|Any CPU
		{AF49029D-7AB8-41C6-8BF8-CB971B6EB03D}.Debug|Any CPU.ActiveCfg = Debug|Any CPU
		{AF49029D-7AB8-41C6-8BF8-CB971B6EB03D}.Debug|Any CPU.Build.0 = Debug|Any CPU
		{AF49029D-7AB8-41C6-8BF8-CB971B6EB03D}.Release|Any CPU.ActiveCfg = Release|Any CPU
		{AF49029D-7AB8-41C6-8BF8-CB971B6EB03D}.Release|Any CPU.Build.0 = Release|Any CPU
		{414B3088-1627-4464-BAFB-21281031A3E9}.Debug|Any CPU.ActiveCfg = Debug|Any CPU
		{414B3088-1627-4464-BAFB-21281031A3E9}.Debug|Any CPU.Build.0 = Debug|Any CPU
		{414B3088-1627-4464-BAFB-21281031A3E9}.Release|Any CPU.ActiveCfg = Release|Any CPU
		{414B3088-1627-4464-BAFB-21281031A3E9}.Release|Any CPU.Build.0 = Release|Any CPU
	EndGlobalSection
	GlobalSection(SolutionProperties) = preSolution
		HideSolutionNode = FALSE
	EndGlobalSection
	GlobalSection(NestedProjects) = preSolution
		{3EC8107D-C205-44C7-B9E2-A64F0F90218C} = {E3F29E42-97AA-434E-8003-C4D20D67F90A}
		{BB86DC0C-E172-451B-B076-EDE3FB4758CD} = {E3F29E42-97AA-434E-8003-C4D20D67F90A}
		{CEDB7562-31A3-4DB3-83E9-E10092DE271C} = {E3F29E42-97AA-434E-8003-C4D20D67F90A}
		{D853DE6F-3F18-49FC-A8BC-3EC1FD4B9E86} = {E3F29E42-97AA-434E-8003-C4D20D67F90A}
		{9F5C6861-BD2F-4A58-97D5-7EF278817F13} = {82AEF211-90BD-4E84-B895-38E42F61F034}
		{82AEF211-90BD-4E84-B895-38E42F61F034} = {8B5F00D9-3385-4D5E-A3A6-604BD0953084}
		{E09BCD5E-5469-4BF7-B5B4-CF31E36627FC} = {82AEF211-90BD-4E84-B895-38E42F61F034}
		{74CEBF3C-6090-4964-B46B-688DCF675577} = {82AEF211-90BD-4E84-B895-38E42F61F034}
		{24F4D14B-E2AC-4A21-B0E6-843501FAC0F8} = {82AEF211-90BD-4E84-B895-38E42F61F034}
		{5BA5ABAB-6E77-4A70-B7E8-9519F04704BD} = {82AEF211-90BD-4E84-B895-38E42F61F034}
		{DD091AC4-606D-4296-8F08-993785025B82} = {82AEF211-90BD-4E84-B895-38E42F61F034}
		{8B022900-CD55-4E33-AD68-52DC2B8CCB10} = {82AEF211-90BD-4E84-B895-38E42F61F034}
		{D5AC39B6-7D4C-4FDE-8CE4-1950D848BDEB} = {82AEF211-90BD-4E84-B895-38E42F61F034}
		{1C15D35E-380F-43B1-8D38-DAFC57870B6F} = {82AEF211-90BD-4E84-B895-38E42F61F034}
		{8B150257-33DC-49E3-9624-E7489A4DEBF2} = {82AEF211-90BD-4E84-B895-38E42F61F034}
		{0F7162F0-7E1F-4E42-BFC1-40CC4E777A7E} = {82AEF211-90BD-4E84-B895-38E42F61F034}
		{D1F2D090-307A-4057-A0B7-7EDFE2AF0A78} = {8B5F00D9-3385-4D5E-A3A6-604BD0953084}
		{4E885784-D343-4D7D-8724-F4ADA9282D9E} = {D1F2D090-307A-4057-A0B7-7EDFE2AF0A78}
		{DB01137E-00F6-4BBB-AC7A-5E60C7522B4B} = {D1F2D090-307A-4057-A0B7-7EDFE2AF0A78}
		{E2237CA7-C82D-4049-A1A3-0261429B8B67} = {D1F2D090-307A-4057-A0B7-7EDFE2AF0A78}
		{4503FB55-1D89-4B58-9C28-2619DA3D14F3} = {D1F2D090-307A-4057-A0B7-7EDFE2AF0A78}
		{0E48251A-C5E6-44D4-817A-28B490900BEB} = {D1F2D090-307A-4057-A0B7-7EDFE2AF0A78}
		{73381CDF-5350-486E-A50C-7180D511711F} = {D1F2D090-307A-4057-A0B7-7EDFE2AF0A78}
		{8B74D8F1-80E2-428C-ADBE-D053B2D12F06} = {8B5F00D9-3385-4D5E-A3A6-604BD0953084}
		{DF781736-339A-4F53-A1E7-A5D8AEF0EF1D} = {8B74D8F1-80E2-428C-ADBE-D053B2D12F06}
		{3EB492F5-D653-4AFE-BDCC-33FC03B3E02D} = {8B74D8F1-80E2-428C-ADBE-D053B2D12F06}
		{AF49029D-7AB8-41C6-8BF8-CB971B6EB03D} = {8B74D8F1-80E2-428C-ADBE-D053B2D12F06}
		{414B3088-1627-4464-BAFB-21281031A3E9} = {8B74D8F1-80E2-428C-ADBE-D053B2D12F06}
	EndGlobalSection
	GlobalSection(ExtensibilityGlobals) = postSolution
		SolutionGuid = {48F94D38-B001-43B8-AC97-896FDF394646}
	EndGlobalSection
EndGlobal
